{
  "requires": true,
  "lockfileVersion": 1,
  "dependencies": {
    "extenso": {
      "version": "2.0.1",
      "resolved": "https://registry.npmjs.org/extenso/-/extenso-2.0.1.tgz",
      "integrity": "sha512-EXaNgWmE9UHqXCa65Fgj4bNArSxBsJh80QWJPscViClk3ch/WlNfB3otKwIid2gfXdEqJ1Hfyl5/+aKSH/Y1Pw=="
    },
    "readline-sync": {
      "version": "1.4.10",
      "resolved": "https://registry.npmjs.org/readline-sync/-/readline-sync-1.4.10.tgz",
      "integrity": "sha512-gNva8/6UAe8QYepIQH/jQ2qn91Qj0B9sYjMBBs3QOB8F2CXcKgLxQaJRP76sWVRQt+QU+8fAkCbCvjjMFu7Ycw=="
    }
  }
}
